
Microsoft Visual Studio Solution File, Format Version 12.00
# Visual Studio Version 16
VisualStudioVersion = 16.0.29215.179
MinimumVisualStudioVersion = 10.0.40219.1
Project("{FAE04EC0-301F-11D3-BF4B-00C04F79EFBC}") = "VsAutoThemeSwitcherForWin10DarkMode", "VsAutoThemeSwitcherForWin10DarkMode\VsAutoThemeSwitcherForWin10DarkMode.csproj", "{AE41DB0F-2C4D-4B36-AE6F-521FC422AE05}"
EndProject
Global
	GlobalSection(SolutionConfigurationPlatforms) = preSolution
		Debug|Any CPU = Debug|Any CPU
		Release|Any CPU = Release|Any CPU
	EndGlobalSection
	GlobalSection(ProjectConfigurationPlatforms) = postSolution
		{AE41DB0F-2C4D-4B36-AE6F-521FC422AE05}.Debug|Any CPU.ActiveCfg = Debug|Any CPU
		{AE41DB0F-2C4D-4B36-AE6F-521FC422AE05}.Debug|Any CPU.Build.0 = Debug|Any CPU
		{AE41DB0F-2C4D-4B36-AE6F-521FC422AE05}.Release|Any CPU.ActiveCfg = Release|Any CPU
		{AE41DB0F-2C4D-4B36-AE6F-521FC422AE05}.Release|Any CPU.Build.0 = Release|Any CPU
	EndGlobalSection
	GlobalSection(SolutionProperties) = preSolution
		HideSolutionNode = FALSE
	EndGlobalSection
	GlobalSection(ExtensibilityGlobals) = postSolution
		SolutionGuid = {32C14AF7-D7C2-4FE3-AFF0-5A84C5FD049B}
	EndGlobalSection
EndGlobal
